PODS:
  - AppCenter (5.0.0):
    - AppCenter/Analytics (= 5.0.0)
    - AppCenter/Crashes (= 5.0.0)
  - AppCenter/Analytics (5.0.0):
    - AppCenter/Core
  - AppCenter/Core (5.0.0)
  - AppCenter/Crashes (5.0.0):
    - AppCenter/Core

DEPENDENCIES:
  - AppCenter

SPEC REPOS:
  trunk:
    - AppCenter

SPEC CHECKSUMS:
  AppCenter: 30ac5adefc8fc41d9530f1cc91829810a6af4c93

PODFILE CHECKSUM: 05b3d9f4419d75aa76e8f495a95c52b1abec663b

COCOAPODS: 1.11.3
